{
  "originHash" : "43a380813aac32d3d22a9ff97a89633dc19359ae7fdc773c76f711f5473afb25",
  "pins" : [
    {
      "identity" : "droppykit",
      "kind" : "remoteSourceControl",
      "location" : "https://gitlab.com/droppyformac1/droppykit.git",
      "state" : {
        "revision" : "49e11a8b3cc439c743e7b5e76637664181b95ac2",
        "version" : "1.6.3"
      }
    }
  ],
  "version" : 3
}
