{
  "originHash" : "43a380813aac32d3d22a9ff97a89633dc19359ae7fdc773c76f711f5473afb25",
  "pins" : [
    {
      "identity" : "droppykit",
      "kind" : "remoteSourceControl",
      "location" : "https://gitlab.com/droppyformac1/droppykit.git",
      "state" : {
        "revision" : "320b9bffe0a1e29dc3e9aafd5f09452cf22e508c",
        "version" : "1.7.1"
      }
    }
  ],
  "version" : 3
}
